
Microsoft Visual Studio Solution File, Format Version 12.00
# Visual Studio Version 17
VisualStudioVersion = 17.3.32929.385
MinimumVisualStudioVersion = 10.0.40219.1
Project("{9A19103F-16F7-4668-BE54-9A1E7A4F7556}") = "ApiDotNet 1.0.Domain", "ApiDotNet 1.0.Domain\ApiDotNet 1.0.Domain.csproj", "{9EF97009-B88B-4FC3-AF3B-C033A9981657}"
EndProject
Project("{9A19103F-16F7-4668-BE54-9A1E7A4F7556}") = "ApiDotNet 1.0.Infra.Data", "ApiDotNet 1.0.Infra.Data\ApiDotNet 1.0.Infra.Data.csproj", "{09107613-9F2B-4E19-9BCE-C23129598323}"
EndProject
Project("{9A19103F-16F7-4668-BE54-9A1E7A4F7556}") = "ApiDotNet 1.0.Application", "ApiDotNet 1.0.Application\ApiDotNet 1.0.Application.csproj", "{2F02EE01-90A8-45DC-BBBF-F39755947B07}"
EndProject
Project("{9A19103F-16F7-4668-BE54-9A1E7A4F7556}") = "ApiDotNet 1.0.Infra.IoC", "ApiDotNet 1.0.Infra.IoC\ApiDotNet 1.0.Infra.IoC.csproj", "{FF1C5330-06BB-4D1F-9E94-3FD6D3F46BF5}"
EndProject
Project("{FAE04EC0-301F-11D3-BF4B-00C04F79EFBC}") = "ApiDotNet 1.0.Api", "ApiDotNet 1.0.Api\ApiDotNet 1.0.Api.csproj", "{52BEE1AC-B190-44E2-B86B-0212D7BCC376}"
EndProject
Global
	GlobalSection(SolutionConfigurationPlatforms) = preSolution
		Debug|Any CPU = Debug|Any CPU
		Release|Any CPU = Release|Any CPU
	EndGlobalSection
	GlobalSection(ProjectConfigurationPlatforms) = postSolution
		{9EF97009-B88B-4FC3-AF3B-C033A9981657}.Debug|Any CPU.ActiveCfg = Debug|Any CPU
		{9EF97009-B88B-4FC3-AF3B-C033A9981657}.Debug|Any CPU.Build.0 = Debug|Any CPU
		{9EF97009-B88B-4FC3-AF3B-C033A9981657}.Release|Any CPU.ActiveCfg = Release|Any CPU
		{9EF97009-B88B-4FC3-AF3B-C033A9981657}.Release|Any CPU.Build.0 = Release|Any CPU
		{09107613-9F2B-4E19-9BCE-C23129598323}.Debug|Any CPU.ActiveCfg = Debug|Any CPU
		{09107613-9F2B-4E19-9BCE-C23129598323}.Debug|Any CPU.Build.0 = Debug|Any CPU
		{09107613-9F2B-4E19-9BCE-C23129598323}.Release|Any CPU.ActiveCfg = Release|Any CPU
		{09107613-9F2B-4E19-9BCE-C23129598323}.Release|Any CPU.Build.0 = Release|Any CPU
		{2F02EE01-90A8-45DC-BBBF-F39755947B07}.Debug|Any CPU.ActiveCfg = Debug|Any CPU
		{2F02EE01-90A8-45DC-BBBF-F39755947B07}.Debug|Any CPU.Build.0 = Debug|Any CPU
		{2F02EE01-90A8-45DC-BBBF-F39755947B07}.Release|Any CPU.ActiveCfg = Release|Any CPU
		{2F02EE01-90A8-45DC-BBBF-F39755947B07}.Release|Any CPU.Build.0 = Release|Any CPU
		{FF1C5330-06BB-4D1F-9E94-3FD6D3F46BF5}.Debug|Any CPU.ActiveCfg = Debug|Any CPU
		{FF1C5330-06BB-4D1F-9E94-3FD6D3F46BF5}.Debug|Any CPU.Build.0 = Debug|Any CPU
		{FF1C5330-06BB-4D1F-9E94-3FD6D3F46BF5}.Release|Any CPU.ActiveCfg = Release|Any CPU
		{FF1C5330-06BB-4D1F-9E94-3FD6D3F46BF5}.Release|Any CPU.Build.0 = Release|Any CPU
		{52BEE1AC-B190-44E2-B86B-0212D7BCC376}.Debug|Any CPU.ActiveCfg = Debug|Any CPU
		{52BEE1AC-B190-44E2-B86B-0212D7BCC376}.Debug|Any CPU.Build.0 = Debug|Any CPU
		{52BEE1AC-B190-44E2-B86B-0212D7BCC376}.Release|Any CPU.ActiveCfg = Release|Any CPU
		{52BEE1AC-B190-44E2-B86B-0212D7BCC376}.Release|Any CPU.Build.0 = Release|Any CPU
	EndGlobalSection
	GlobalSection(SolutionProperties) = preSolution
		HideSolutionNode = FALSE
	EndGlobalSection
	GlobalSection(ExtensibilityGlobals) = postSolution
		SolutionGuid = {AA227E38-9CEB-48F6-B2A5-6FCB43711A9B}
	EndGlobalSection
EndGlobal
